// !$*UTF8*$!
{
	archiveVersion = 1;
	classes = {
	};
	objectVersion = 50;
	objects = {

/* Begin PBXBuildFile section */
		614F6AAB275436DA00FEA336 /* LoadingCell.xib in Resources */ = {isa = PBXBuildFile; fileRef = 614F6AAA275436DA00FEA336 /* LoadingCell.xib */; };
		614F6AAD2755978500FEA336 /* UIImageView+DownloadImage.swift in Sources */ = {isa = PBXBuildFile; fileRef = 614F6AAC2755978500FEA336 /* UIImageView+DownloadImage.swift */; };
		614F6AB22755D34200FEA336 /* RecipeDetailViewController.swift in Sources */ = {isa = PBXBuildFile; fileRef = 614F6AB12755D34200FEA336 /* RecipeDetailViewController.swift */; };
		614F6AB42756DBF900FEA336 /* TrendingRecipes.swift in Sources */ = {isa = PBXBuildFile; fileRef = 614F6AB32756DBF900FEA336 /* TrendingRecipes.swift */; };
		614F6AC3275815C800FEA336 /* RecipeHeaderCell.swift in Sources */ = {isa = PBXBuildFile; fileRef = 614F6AC1275815C800FEA336 /* RecipeHeaderCell.swift */; };
		614F6AC627587B8100FEA336 /* IngredientsViewCell.swift in Sources */ = {isa = PBXBuildFile; fileRef = 614F6AC527587B8100FEA336 /* IngredientsViewCell.swift */; };
		61AE7D3B275BF40C00B1C32A /* FavoriteRecipesViewController.swift in Sources */ = {isa = PBXBuildFile; fileRef = 61AE7D3A275BF40C00B1C32A /* FavoriteRecipesViewController.swift */; };
		61AE7D3D275BFC6500B1C32A /* FavoriteRecipeViewCell.swift in Sources */ = {isa = PBXBuildFile; fileRef = 61AE7D3C275BFC6500B1C32A /* FavoriteRecipeViewCell.swift */; };
		61AE7D41275DC65B00B1C32A /* DirectionsViewCell.swift in Sources */ = {isa = PBXBuildFile; fileRef = 61AE7D40275DC65B00B1C32A /* DirectionsViewCell.swift */; };
		61AE7D45275DCF6700B1C32A /* NutritionViewCell.swift in Sources */ = {isa = PBXBuildFile; fileRef = 61AE7D44275DCF6700B1C32A /* NutritionViewCell.swift */; };
		61AE7D48275DF06200B1C32A /* NutrientsViewController.swift in Sources */ = {isa = PBXBuildFile; fileRef = 61AE7D47275DF06100B1C32A /* NutrientsViewController.swift */; };
		61B3D4082749E28700E54FA6 /* RecommendationsResult.swift in Sources */ = {isa = PBXBuildFile; fileRef = 61B3D4072749E28700E54FA6 /* RecommendationsResult.swift */; };
		61B3D40A2749E78300E54FA6 /* RecommendationsResultCell.xib in Resources */ = {isa = PBXBuildFile; fileRef = 61B3D4092749E78300E54FA6 /* RecommendationsResultCell.xib */; };
		61B3D40C2749EA9000E54FA6 /* RecommendationsResultCell.swift in Sources */ = {isa = PBXBuildFile; fileRef = 61B3D40B2749EA9000E54FA6 /* RecommendationsResultCell.swift */; };
		61B3D40E274A068000E54FA6 /* NoRecipesFoundCell.xib in Resources */ = {isa = PBXBuildFile; fileRef = 61B3D40D274A068000E54FA6 /* NoRecipesFoundCell.xib */; };
		61CECFC92739B40E006E804E /* AppDelegate.swift in Sources */ = {isa = PBXBuildFile; fileRef = 61CECFC82739B40E006E804E /* AppDelegate.swift */; };
		61CECFCB2739B40E006E804E /* SceneDelegate.swift in Sources */ = {isa = PBXBuildFile; fileRef = 61CECFCA2739B40E006E804E /* SceneDelegate.swift */; };
		61CECFCD2739B40E006E804E /* RecommendationsViewController.swift in Sources */ = {isa = PBXBuildFile; fileRef = 61CECFCC2739B40E006E804E /* RecommendationsViewController.swift */; };
		61CECFD02739B40E006E804E /* Main.storyboard in Resources */ = {isa = PBXBuildFile; fileRef = 61CECFCE2739B40E006E804E /* Main.storyboard */; };
		61CECFD22739B421006E804E /* Assets.xcassets in Resources */ = {isa = PBXBuildFile; fileRef = 61CECFD12739B421006E804E /* Assets.xcassets */; };
		61CECFD52739B421006E804E /* LaunchScreen.storyboard in Resources */ = {isa = PBXBuildFile; fileRef = 61CECFD32739B421006E804E /* LaunchScreen.storyboard */; };
/* End PBXBuildFile section */

/* Begin PBXFileReference section */
		614F6AAA275436DA00FEA336 /* LoadingCell.xib */ = {isa = PBXFileReference; lastKnownFileType = file.xib; path = LoadingCell.xib; sourceTree = "<group>"; };
		614F6AAC2755978500FEA336 /* UIImageView+DownloadImage.swift */ = {isa = PBXFileReference; lastKnownFileType = sourcecode.swift; path = "UIImageView+DownloadImage.swift"; sourceTree = "<group>"; };
		614F6AB12755D34200FEA336 /* RecipeDetailViewController.swift */ = {isa = PBXFileReference; lastKnownFileType = sourcecode.swift; path = RecipeDetailViewController.swift; sourceTree = "<group>"; };
		614F6AB32756DBF900FEA336 /* TrendingRecipes.swift */ = {isa = PBXFileReference; lastKnownFileType = sourcecode.swift; path = TrendingRecipes.swift; sourceTree = "<group>"; };
		614F6AC1275815C800FEA336 /* RecipeHeaderCell.swift */ = {isa = PBXFileReference; lastKnownFileType = sourcecode.swift; path = RecipeHeaderCell.swift; sourceTree = "<group>"; };
		614F6AC527587B8100FEA336 /* IngredientsViewCell.swift */ = {isa = PBXFileReference; lastKnownFileType = sourcecode.swift; path = IngredientsViewCell.swift; sourceTree = "<group>"; };
		61AE7D3A275BF40C00B1C32A /* FavoriteRecipesViewController.swift */ = {isa = PBXFileReference; lastKnownFileType = sourcecode.swift; path = FavoriteRecipesViewController.swift; sourceTree = "<group>"; };
		61AE7D3C275BFC6500B1C32A /* FavoriteRecipeViewCell.swift */ = {isa = PBXFileReference; lastKnownFileType = sourcecode.swift; path = FavoriteRecipeViewCell.swift; sourceTree = "<group>"; };
		61AE7D40275DC65B00B1C32A /* DirectionsViewCell.swift */ = {isa = PBXFileReference; lastKnownFileType = sourcecode.swift; path = DirectionsViewCell.swift; sourceTree = "<group>"; };
		61AE7D44275DCF6700B1C32A /* NutritionViewCell.swift */ = {isa = PBXFileReference; lastKnownFileType = sourcecode.swift; path = NutritionViewCell.swift; sourceTree = "<group>"; };
		61AE7D47275DF06100B1C32A /* NutrientsViewController.swift */ = {isa = PBXFileReference; lastKnownFileType = sourcecode.swift; path = NutrientsViewController.swift; sourceTree = "<group>"; };
		61B3D4072749E28700E54FA6 /* RecommendationsResult.swift */ = {isa = PBXFileReference; lastKnownFileType = sourcecode.swift; path = RecommendationsResult.swift; sourceTree = "<group>"; };
		61B3D4092749E78300E54FA6 /* RecommendationsResultCell.xib */ = {isa = PBXFileReference; lastKnownFileType = file.xib; path = RecommendationsResultCell.xib; sourceTree = "<group>"; };
		61B3D40B2749EA9000E54FA6 /* RecommendationsResultCell.swift */ = {isa = PBXFileReference; lastKnownFileType = sourcecode.swift; path = RecommendationsResultCell.swift; sourceTree = "<group>"; };
		61B3D40D274A068000E54FA6 /* NoRecipesFoundCell.xib */ = {isa = PBXFileReference; lastKnownFileType = file.xib; path = NoRecipesFoundCell.xib; sourceTree = "<group>"; };
		61CECFC52739B40E006E804E /* NutriRecipies.app */ = {isa = PBXFileReference; explicitFileType = wrapper.application; includeInIndex = 0; path = NutriRecipies.app; sourceTree = BUILT_PRODUCTS_DIR; };
		61CECFC82739B40E006E804E /* AppDelegate.swift */ = {isa = PBXFileReference; lastKnownFileType = sourcecode.swift; path = AppDelegate.swift; sourceTree = "<group>"; };
		61CECFCA2739B40E006E804E /* SceneDelegate.swift */ = {isa = PBXFileReference; lastKnownFileType = sourcecode.swift; path = SceneDelegate.swift; sourceTree = "<group>"; };
		61CECFCC2739B40E006E804E /* RecommendationsViewController.swift */ = {isa = PBXFileReference; lastKnownFileType = sourcecode.swift; path = RecommendationsViewController.swift; sourceTree = "<group>"; };
		61CECFCF2739B40E006E804E /* Base */ = {isa = PBXFileReference; lastKnownFileType = file.storyboard; name = Base; path = Base.lproj/Main.storyboard; sourceTree = "<group>"; };
		61CECFD12739B421006E804E /* Assets.xcassets */ = {isa = PBXFileReference; lastKnownFileType = folder.assetcatalog; path = Assets.xcassets; sourceTree = "<group>"; };
		61CECFD42739B421006E804E /* Base */ = {isa = PBXFileReference; lastKnownFileType = file.storyboard; name = Base; path = Base.lproj/LaunchScreen.storyboard; sourceTree = "<group>"; };
		61CECFD62739B421006E804E /* Info.plist */ = {isa = PBXFileReference; lastKnownFileType = text.plist.xml; path = Info.plist; sourceTree = "<group>"; };
/* End PBXFileReference section */

/* Begin PBXFrameworksBuildPhase section */
		61CECFC22739B40E006E804E /* Frameworks */ = {
			isa = PBXFrameworksBuildPhase;
			buildActionMask = 2147483647;
			files = (
			);
			runOnlyForDeploymentPostprocessing = 0;
		};
/* End PBXFrameworksBuildPhase section */

/* Begin PBXGroup section */
		614F6AAE27559EF900FEA336 /* Recommendations Screen */ = {
			isa = PBXGroup;
			children = (
				61B3D40D274A068000E54FA6 /* NoRecipesFoundCell.xib */,
				614F6AAA275436DA00FEA336 /* LoadingCell.xib */,
				61B3D4092749E78300E54FA6 /* RecommendationsResultCell.xib */,
				61B3D40B2749EA9000E54FA6 /* RecommendationsResultCell.swift */,
				61B3D4072749E28700E54FA6 /* RecommendationsResult.swift */,
				614F6AB32756DBF900FEA336 /* TrendingRecipes.swift */,
				61CECFCC2739B40E006E804E /* RecommendationsViewController.swift */,
			);
			path = "Recommendations Screen";
			sourceTree = "<group>";
		};
		61AE7D32275BE53800B1C32A /* Recipe Detail Screen */ = {
			isa = PBXGroup;
			children = (
				614F6AC527587B8100FEA336 /* IngredientsViewCell.swift */,
				614F6AC1275815C800FEA336 /* RecipeHeaderCell.swift */,
				61AE7D40275DC65B00B1C32A /* DirectionsViewCell.swift */,
				61AE7D44275DCF6700B1C32A /* NutritionViewCell.swift */,
				614F6AB12755D34200FEA336 /* RecipeDetailViewController.swift */,
			);
			path = "Recipe Detail Screen";
			sourceTree = "<group>";
		};
		61AE7D33275BE55B00B1C32A /* Favorite Recipes Screen */ = {
			isa = PBXGroup;
			children = (
				61AE7D3A275BF40C00B1C32A /* FavoriteRecipesViewController.swift */,
				61AE7D3C275BFC6500B1C32A /* FavoriteRecipeViewCell.swift */,
			);
			path = "Favorite Recipes Screen";
			sourceTree = "<group>";
		};
		61AE7D46275DF02500B1C32A /* Nutrients Detail Screen */ = {
			isa = PBXGroup;
			children = (
				61AE7D47275DF06100B1C32A /* NutrientsViewController.swift */,
			);
			path = "Nutrients Detail Screen";
			sourceTree = "<group>";
		};
		61CECFBC2739B40E006E804E = {
			isa = PBXGroup;
			children = (
				61CECFC72739B40E006E804E /* NutriRecipies */,
				61CECFC62739B40E006E804E /* Products */,
			);
			sourceTree = "<group>";
		};
		61CECFC62739B40E006E804E /* Products */ = {
			isa = PBXGroup;
			children = (
				61CECFC52739B40E006E804E /* NutriRecipies.app */,
			);
			name = Products;
			sourceTree = "<group>";
		};
		61CECFC72739B40E006E804E /* NutriRecipies */ = {
			isa = PBXGroup;
			children = (
				61CECFC82739B40E006E804E /* AppDelegate.swift */,
				61CECFCA2739B40E006E804E /* SceneDelegate.swift */,
				61CECFCE2739B40E006E804E /* Main.storyboard */,
				61CECFD12739B421006E804E /* Assets.xcassets */,
				61CECFD32739B421006E804E /* LaunchScreen.storyboard */,
				61CECFD62739B421006E804E /* Info.plist */,
				61AE7D33275BE55B00B1C32A /* Favorite Recipes Screen */,
				61AE7D32275BE53800B1C32A /* Recipe Detail Screen */,
				614F6AAE27559EF900FEA336 /* Recommendations Screen */,
				61AE7D46275DF02500B1C32A /* Nutrients Detail Screen */,
				614F6AAC2755978500FEA336 /* UIImageView+DownloadImage.swift */,
			);
			path = NutriRecipies;
			sourceTree = "<group>";
		};
/* End PBXGroup section */

/* Begin PBXNativeTarget section */
		61CECFC42739B40E006E804E /* NutriRecipies */ = {
			isa = PBXNativeTarget;
			buildConfigurationList = 61CECFD92739B421006E804E /* Build configuration list for PBXNativeTarget "NutriRecipies" */;
			buildPhases = (
				61CECFC12739B40E006E804E /* Sources */,
				61CECFC22739B40E006E804E /* Frameworks */,
				61CECFC32739B40E006E804E /* Resources */,
			);
			buildRules = (
			);
			dependencies = (
			);
			name = NutriRecipies;
			productName = NutriRecipies;
			productReference = 61CECFC52739B40E006E804E /* NutriRecipies.app */;
			productType = "com.apple.product-type.application";
		};
/* End PBXNativeTarget section */

/* Begin PBXProject section */
		61CECFBD2739B40E006E804E /* Project object */ = {
			isa = PBXProject;
			attributes = {
				LastSwiftUpdateCheck = 1250;
				LastUpgradeCheck = 1250;
				TargetAttributes = {
					61CECFC42739B40E006E804E = {
						CreatedOnToolsVersion = 12.5.1;
					};
				};
			};
			buildConfigurationList = 61CECFC02739B40E006E804E /* Build configuration list for PBXProject "NutriRecipies" */;
			compatibilityVersion = "Xcode 9.3";
			developmentRegion = en;
			hasScannedForEncodings = 0;
			knownRegions = (
				en,
				Base,
			);
			mainGroup = 61CECFBC2739B40E006E804E;
			productRefGroup = 61CECFC62739B40E006E804E /* Products */;
			projectDirPath = "";
			projectRoot = "";
			targets = (
				61CECFC42739B40E006E804E /* NutriRecipies */,
			);
		};
/* End PBXProject section */

/* Begin PBXResourcesBuildPhase section */
		61CECFC32739B40E006E804E /* Resources */ = {
			isa = PBXResourcesBuildPhase;
			buildActionMask = 2147483647;
			files = (
				61B3D40E274A068000E54FA6 /* NoRecipesFoundCell.xib in Resources */,
				61CECFD52739B421006E804E /* LaunchScreen.storyboard in Resources */,
				614F6AAB275436DA00FEA336 /* LoadingCell.xib in Resources */,
				61CECFD22739B421006E804E /* Assets.xcassets in Resources */,
				61CECFD02739B40E006E804E /* Main.storyboard in Resources */,
				61B3D40A2749E78300E54FA6 /* RecommendationsResultCell.xib in Resources */,
			);
			runOnlyForDeploymentPostprocessing = 0;
		};
/* End PBXResourcesBuildPhase section */

/* Begin PBXSourcesBuildPhase section */
		61CECFC12739B40E006E804E /* Sources */ = {
			isa = PBXSourcesBuildPhase;
			buildActionMask = 2147483647;
			files = (
				61CECFCD2739B40E006E804E /* RecommendationsViewController.swift in Sources */,
				61CECFC92739B40E006E804E /* AppDelegate.swift in Sources */,
				61AE7D3B275BF40C00B1C32A /* FavoriteRecipesViewController.swift in Sources */,
				614F6AB22755D34200FEA336 /* RecipeDetailViewController.swift in Sources */,
				614F6AAD2755978500FEA336 /* UIImageView+DownloadImage.swift in Sources */,
				61AE7D45275DCF6700B1C32A /* NutritionViewCell.swift in Sources */,
				61AE7D41275DC65B00B1C32A /* DirectionsViewCell.swift in Sources */,
				61B3D40C2749EA9000E54FA6 /* RecommendationsResultCell.swift in Sources */,
				614F6AC627587B8100FEA336 /* IngredientsViewCell.swift in Sources */,
				614F6AC3275815C800FEA336 /* RecipeHeaderCell.swift in Sources */,
				61CECFCB2739B40E006E804E /* SceneDelegate.swift in Sources */,
				61AE7D48275DF06200B1C32A /* NutrientsViewController.swift in Sources */,
				614F6AB42756DBF900FEA336 /* TrendingRecipes.swift in Sources */,
				61AE7D3D275BFC6500B1C32A /* FavoriteRecipeViewCell.swift in Sources */,
				61B3D4082749E28700E54FA6 /* RecommendationsResult.swift in Sources */,
			);
			runOnlyForDeploymentPostprocessing = 0;
		};
/* End PBXSourcesBuildPhase section */

/* Begin PBXVariantGroup section */
		61CECFCE2739B40E006E804E /* Main.storyboard */ = {
			isa = PBXVariantGroup;
			children = (
				61CECFCF2739B40E006E804E /* Base */,
			);
			name = Main.storyboard;
			sourceTree = "<group>";
		};
		61CECFD32739B421006E804E /* LaunchScreen.storyboard */ = {
			isa = PBXVariantGroup;
			children = (
				61CECFD42739B421006E804E /* Base */,
			);
			name = LaunchScreen.storyboard;
			sourceTree = "<group>";
		};
/* End PBXVariantGroup section */

/* Begin XCBuildConfiguration section */
		61CECFD72739B421006E804E /* Debug */ = {
			isa = XCBuildConfiguration;
			buildSettings = {
				ALWAYS_SEARCH_USER_PATHS = NO;
				CLANG_ANALYZER_NONNULL = YES;
				CLANG_ANALYZER_NUMBER_OBJECT_CONVERSION = YES_AGGRESSIVE;
				CLANG_CXX_LANGUAGE_STANDARD = "gnu++14";
				CLANG_CXX_LIBRARY = "libc++";
				CLANG_ENABLE_MODULES = YES;
				CLANG_ENABLE_OBJC_ARC = YES;
				CLANG_ENABLE_OBJC_WEAK = YES;
				CLANG_WARN_BLOCK_CAPTURE_AUTORELEASING = YES;
				CLANG_WARN_BOOL_CONVERSION = YES;
				CLANG_WARN_COMMA = YES;
				CLANG_WARN_CONSTANT_CONVERSION = YES;
				CLANG_WARN_DEPRECATED_OBJC_IMPLEMENTATIONS = YES;
				CLANG_WARN_DIRECT_OBJC_ISA_USAGE = YES_ERROR;
				CLANG_WARN_DOCUMENTATION_COMMENTS = YES;
				CLANG_WARN_EMPTY_BODY = YES;
				CLANG_WARN_ENUM_CONVERSION = YES;
				CLANG_WARN_INFINITE_RECURSION = YES;
				CLANG_WARN_INT_CONVERSION = YES;
				CLANG_WARN_NON_LITERAL_NULL_CONVERSION = YES;
				CLANG_WARN_OBJC_IMPLICIT_RETAIN_SELF = YES;
				CLANG_WARN_OBJC_LITERAL_CONVERSION = YES;
				CLANG_WARN_OBJC_ROOT_CLASS = YES_ERROR;
				CLANG_WARN_QUOTED_INCLUDE_IN_FRAMEWORK_HEADER = YES;
				CLANG_WARN_RANGE_LOOP_ANALYSIS = YES;
				CLANG_WARN_STRICT_PROTOTYPES = YES;
				CLANG_WARN_SUSPICIOUS_MOVE = YES;
				CLANG_WARN_UNGUARDED_AVAILABILITY = YES_AGGRESSIVE;
				CLANG_WARN_UNREACHABLE_CODE = YES;
				CLANG_WARN__DUPLICATE_METHOD_MATCH = YES;
				COPY_PHASE_STRIP = NO;
				DEBUG_INFORMATION_FORMAT = dwarf;
				ENABLE_STRICT_OBJC_MSGSEND = YES;
				ENABLE_TESTABILITY = YES;
				GCC_C_LANGUAGE_STANDARD = gnu11;
				GCC_DYNAMIC_NO_PIC = NO;
				GCC_NO_COMMON_BLOCKS = YES;
				GCC_OPTIMIZATION_LEVEL = 0;
				GCC_PREPROCESSOR_DEFINITIONS = (
					"DEBUG=1",
					"$(inherited)",
				);
				GCC_WARN_64_TO_32_BIT_CONVERSION = YES;
				GCC_WARN_ABOUT_RETURN_TYPE = YES_ERROR;
				GCC_WARN_UNDECLARED_SELECTOR = YES;
				GCC_WARN_UNINITIALIZED_AUTOS = YES_AGGRESSIVE;
				GCC_WARN_UNUSED_FUNCTION = YES;
				GCC_WARN_UNUSED_VARIABLE = YES;
				IPHONEOS_DEPLOYMENT_TARGET = 14.5;
				MTL_ENABLE_DEBUG_INFO = INCLUDE_SOURCE;
				MTL_FAST_MATH = YES;
				ONLY_ACTIVE_ARCH = YES;
				SDKROOT = iphoneos;
				SWIFT_ACTIVE_COMPILATION_CONDITIONS = DEBUG;
				SWIFT_OPTIMIZATION_LEVEL = "-Onone";
			};
			name = Debug;
		};
		61CECFD82739B421006E804E /* Release */ = {
			isa = XCBuildConfiguration;
			buildSettings = {
				ALWAYS_SEARCH_USER_PATHS = NO;
				CLANG_ANALYZER_NONNULL = YES;
				CLANG_ANALYZER_NUMBER_OBJECT_CONVERSION = YES_AGGRESSIVE;
				CLANG_CXX_LANGUAGE_STANDARD = "gnu++14";
				CLANG_CXX_LIBRARY = "libc++";
				CLANG_ENABLE_MODULES = YES;
				CLANG_ENABLE_OBJC_ARC = YES;
				CLANG_ENABLE_OBJC_WEAK = YES;
				CLANG_WARN_BLOCK_CAPTURE_AUTORELEASING = YES;
				CLANG_WARN_BOOL_CONVERSION = YES;
				CLANG_WARN_COMMA = YES;
				CLANG_WARN_CONSTANT_CONVERSION = YES;
				CLANG_WARN_DEPRECATED_OBJC_IMPLEMENTATIONS = YES;
				CLANG_WARN_DIRECT_OBJC_ISA_USAGE = YES_ERROR;
				CLANG_WARN_DOCUMENTATION_COMMENTS = YES;
				CLANG_WARN_EMPTY_BODY = YES;
				CLANG_WARN_ENUM_CONVERSION = YES;
				CLANG_WARN_INFINITE_RECURSION = YES;
				CLANG_WARN_INT_CONVERSION = YES;
				CLANG_WARN_NON_LITERAL_NULL_CONVERSION = YES;
				CLANG_WARN_OBJC_IMPLICIT_RETAIN_SELF = YES;
				CLANG_WARN_OBJC_LITERAL_CONVERSION = YES;
				CLANG_WARN_OBJC_ROOT_CLASS = YES_ERROR;
				CLANG_WARN_QUOTED_INCLUDE_IN_FRAMEWORK_HEADER = YES;
				CLANG_WARN_RANGE_LOOP_ANALYSIS = YES;
				CLANG_WARN_STRICT_PROTOTYPES = YES;
				CLANG_WARN_SUSPICIOUS_MOVE = YES;
				CLANG_WARN_UNGUARDED_AVAILABILITY = YES_AGGRESSIVE;
				CLANG_WARN_UNREACHABLE_CODE = YES;
				CLANG_WARN__DUPLICATE_METHOD_MATCH = YES;
				COPY_PHASE_STRIP = NO;
				DEBUG_INFORMATION_FORMAT = "dwarf-with-dsym";
				ENABLE_NS_ASSERTIONS = NO;
				ENABLE_STRICT_OBJC_MSGSEND = YES;
				GCC_C_LANGUAGE_STANDARD = gnu11;
				GCC_NO_COMMON_BLOCKS = YES;
				GCC_WARN_64_TO_32_BIT_CONVERSION = YES;
				GCC_WARN_ABOUT_RETURN_TYPE = YES_ERROR;
				GCC_WARN_UNDECLARED_SELECTOR = YES;
				GCC_WARN_UNINITIALIZED_AUTOS = YES_AGGRESSIVE;
				GCC_WARN_UNUSED_FUNCTION = YES;
				GCC_WARN_UNUSED_VARIABLE = YES;
				IPHONEOS_DEPLOYMENT_TARGET = 14.5;
				MTL_ENABLE_DEBUG_INFO = NO;
				MTL_FAST_MATH = YES;
				SDKROOT = iphoneos;
				SWIFT_COMPILATION_MODE = wholemodule;
				SWIFT_OPTIMIZATION_LEVEL = "-O";
				VALIDATE_PRODUCT = YES;
			};
			name = Release;
		};
		61CECFDA2739B421006E804E /* Debug */ = {
			isa = XCBuildConfiguration;
			buildSettings = {
				ASSETCATALOG_COMPILER_APPICON_NAME = AppIcon;
				ASSETCATALOG_COMPILER_GLOBAL_ACCENT_COLOR_NAME = AccentColor;
				CODE_SIGN_STYLE = Automatic;
				DEVELOPMENT_TEAM = 74JCV65TJL;
				INFOPLIST_FILE = NutriRecipies/Info.plist;
				LD_RUNPATH_SEARCH_PATHS = (
					"$(inherited)",
					"@executable_path/Frameworks",
				);
				PRODUCT_BUNDLE_IDENTIFIER = hayleyrobinson515.NutriRecipies;
				PRODUCT_NAME = "$(TARGET_NAME)";
				SWIFT_VERSION = 5.0;
				TARGETED_DEVICE_FAMILY = "1,2";
			};
			name = Debug;
		};
		61CECFDB2739B421006E804E /* Release */ = {
			isa = XCBuildConfiguration;
			buildSettings = {
				ASSETCATALOG_COMPILER_APPICON_NAME = AppIcon;
				ASSETCATALOG_COMPILER_GLOBAL_ACCENT_COLOR_NAME = AccentColor;
				CODE_SIGN_STYLE = Automatic;
				DEVELOPMENT_TEAM = 74JCV65TJL;
				INFOPLIST_FILE = NutriRecipies/Info.plist;
				LD_RUNPATH_SEARCH_PATHS = (
					"$(inherited)",
					"@executable_path/Frameworks",
				);
				PRODUCT_BUNDLE_IDENTIFIER = hayleyrobinson515.NutriRecipies;
				PRODUCT_NAME = "$(TARGET_NAME)";
				SWIFT_VERSION = 5.0;
				TARGETED_DEVICE_FAMILY = "1,2";
			};
			name = Release;
		};
/* End XCBuildConfiguration section */

/* Begin XCConfigurationList section */
		61CECFC02739B40E006E804E /* Build configuration list for PBXProject "NutriRecipies" */ = {
			isa = XCConfigurationList;
			buildConfigurations = (
				61CECFD72739B421006E804E /* Debug */,
				61CECFD82739B421006E804E /* Release */,
			);
			defaultConfigurationIsVisible = 0;
			defaultConfigurationName = Release;
		};
		61CECFD92739B421006E804E /* Build configuration list for PBXNativeTarget "NutriRecipies" */ = {
			isa = XCConfigurationList;
			buildConfigurations = (
				61CECFDA2739B421006E804E /* Debug */,
				61CECFDB2739B421006E804E /* Release */,
			);
			defaultConfigurationIsVisible = 0;
			defaultConfigurationName = Release;
		};
/* End XCConfigurationList section */
	};
	rootObject = 61CECFBD2739B40E006E804E /* Project object */;
}
